
Microsoft Visual Studio Solution File, Format Version 12.00
# Visual Studio Version 17
VisualStudioVersion = 17.5.33502.453
MinimumVisualStudioVersion = 10.0.40219.1
Project("{FAE04EC0-301F-11D3-BF4B-00C04F79EFBC}") = "D_3_N_3", "D_3_N_3.csproj", "{7A67A875-41EC-4DB7-9CE1-87F9DC794606}"
EndProject
Global
	GlobalSection(SolutionConfigurationPlatforms) = preSolution
		Debug|Any CPU = Debug|Any CPU
		Release|Any CPU = Release|Any CPU
	EndGlobalSection
	GlobalSection(ProjectConfigurationPlatforms) = postSolution
		{7A67A875-41EC-4DB7-9CE1-87F9DC794606}.Debug|Any CPU.ActiveCfg = Debug|Any CPU
		{7A67A875-41EC-4DB7-9CE1-87F9DC794606}.Debug|Any CPU.Build.0 = Debug|Any CPU
		{7A67A875-41EC-4DB7-9CE1-87F9DC794606}.Release|Any CPU.ActiveCfg = Release|Any CPU
		{7A67A875-41EC-4DB7-9CE1-87F9DC794606}.Release|Any CPU.Build.0 = Release|Any CPU
	EndGlobalSection
	GlobalSection(SolutionProperties) = preSolution
		HideSolutionNode = FALSE
	EndGlobalSection
	GlobalSection(ExtensibilityGlobals) = postSolution
		SolutionGuid = {003BDB09-2ED5-44AE-B153-6107168664CE}
	EndGlobalSection
EndGlobal
